// !$*UTF8*$!
{
	archiveVersion = 1;
	classes = {
	};
	objectVersion = 56;
	objects = {

/* Begin PBXBuildFile section */
		6D3D85C3290FF9F50040B013 /* HabitViewController.swift in Sources */ = {isa = PBXBuildFile; fileRef = 6D3D85C2290FF9F50040B013 /* HabitViewController.swift */; };
		6D3D85C52912B8BE0040B013 /* HabitsCollectionViewCell.swift in Sources */ = {isa = PBXBuildFile; fileRef = 6D3D85C42912B8BE0040B013 /* HabitsCollectionViewCell.swift */; };
		6D3D85C72912D61F0040B013 /* HabitDetailsViewController.swift in Sources */ = {isa = PBXBuildFile; fileRef = 6D3D85C62912D61F0040B013 /* HabitDetailsViewController.swift */; };
		6D6A85412ACAC98700EC479D /* Notifications.swift in Sources */ = {isa = PBXBuildFile; fileRef = 6D6A85402ACAC98700EC479D /* Notifications.swift */; };
		6D70004529219270003DFBBF /* ProgressCollectionViewCell.swift in Sources */ = {isa = PBXBuildFile; fileRef = 6D70004429219270003DFBBF /* ProgressCollectionViewCell.swift */; };
		6D70004729229EB4003DFBBF /* HabitDetailsTableViewCell.swift in Sources */ = {isa = PBXBuildFile; fileRef = 6D70004629229EB4003DFBBF /* HabitDetailsTableViewCell.swift */; };
		6D700132294A6D64003DFBBF /* Launch Screen.storyboard in Resources */ = {isa = PBXBuildFile; fileRef = 6D700134294A6D64003DFBBF /* Launch Screen.storyboard */; };
		6DE74ADC290D331E0048F4F2 /* AppDelegate.swift in Sources */ = {isa = PBXBuildFile; fileRef = 6DE74ADB290D331E0048F4F2 /* AppDelegate.swift */; };
		6DE74ADE290D331E0048F4F2 /* SceneDelegate.swift in Sources */ = {isa = PBXBuildFile; fileRef = 6DE74ADD290D331E0048F4F2 /* SceneDelegate.swift */; };
		6DE74AE5290D331F0048F4F2 /* Assets.xcassets in Resources */ = {isa = PBXBuildFile; fileRef = 6DE74AE4290D331F0048F4F2 /* Assets.xcassets */; };
		6DE74AF0290D33660048F4F2 /* HabitsViewController.swift in Sources */ = {isa = PBXBuildFile; fileRef = 6DE74AEF290D33660048F4F2 /* HabitsViewController.swift */; };
		6DE74AF2290D338D0048F4F2 /* InfoViewController.swift in Sources */ = {isa = PBXBuildFile; fileRef = 6DE74AF1290D338D0048F4F2 /* InfoViewController.swift */; };
		6DE74AF4290D33C60048F4F2 /* HabitsStoreSwift.swift in Sources */ = {isa = PBXBuildFile; fileRef = 6DE74AF3290D33C60048F4F2 /* HabitsStoreSwift.swift */; };
/* End PBXBuildFile section */

/* Begin PBXCopyFilesBuildPhase section */
		6D70006429390A02003DFBBF /* Embed Foundation Extensions */ = {
			isa = PBXCopyFilesBuildPhase;
			buildActionMask = 2147483647;
			dstPath = "";
			dstSubfolderSpec = 13;
			files = (
			);
			name = "Embed Foundation Extensions";
			runOnlyForDeploymentPostprocessing = 0;
		};
/* End PBXCopyFilesBuildPhase section */

/* Begin PBXFileReference section */
		6D3D85C2290FF9F50040B013 /* HabitViewController.swift */ = {isa = PBXFileReference; lastKnownFileType = sourcecode.swift; path = HabitViewController.swift; sourceTree = "<group>"; };
		6D3D85C42912B8BE0040B013 /* HabitsCollectionViewCell.swift */ = {isa = PBXFileReference; lastKnownFileType = sourcecode.swift; path = HabitsCollectionViewCell.swift; sourceTree = "<group>"; };
		6D3D85C62912D61F0040B013 /* HabitDetailsViewController.swift */ = {isa = PBXFileReference; lastKnownFileType = sourcecode.swift; path = HabitDetailsViewController.swift; sourceTree = "<group>"; };
		6D6A85402ACAC98700EC479D /* Notifications.swift */ = {isa = PBXFileReference; lastKnownFileType = sourcecode.swift; path = Notifications.swift; sourceTree = "<group>"; };
		6D70004429219270003DFBBF /* ProgressCollectionViewCell.swift */ = {isa = PBXFileReference; lastKnownFileType = sourcecode.swift; path = ProgressCollectionViewCell.swift; sourceTree = "<group>"; };
		6D70004629229EB4003DFBBF /* HabitDetailsTableViewCell.swift */ = {isa = PBXFileReference; lastKnownFileType = sourcecode.swift; path = HabitDetailsTableViewCell.swift; sourceTree = "<group>"; };
		6D700133294A6D64003DFBBF /* Base */ = {isa = PBXFileReference; lastKnownFileType = file.storyboard; name = Base; path = "Base.lproj/Launch Screen.storyboard"; sourceTree = "<group>"; };
		6DE74AD8290D331E0048F4F2 /* MyHabits.app */ = {isa = PBXFileReference; explicitFileType = wrapper.application; includeInIndex = 0; path = MyHabits.app; sourceTree = BUILT_PRODUCTS_DIR; };
		6DE74ADB290D331E0048F4F2 /* AppDelegate.swift */ = {isa = PBXFileReference; lastKnownFileType = sourcecode.swift; path = AppDelegate.swift; sourceTree = "<group>"; };
		6DE74ADD290D331E0048F4F2 /* SceneDelegate.swift */ = {isa = PBXFileReference; lastKnownFileType = sourcecode.swift; path = SceneDelegate.swift; sourceTree = "<group>"; };
		6DE74AE4290D331F0048F4F2 /* Assets.xcassets */ = {isa = PBXFileReference; lastKnownFileType = folder.assetcatalog; path = Assets.xcassets; sourceTree = "<group>"; };
		6DE74AE9290D331F0048F4F2 /* Info.plist */ = {isa = PBXFileReference; lastKnownFileType = text.plist.xml; path = Info.plist; sourceTree = "<group>"; };
		6DE74AEF290D33660048F4F2 /* HabitsViewController.swift */ = {isa = PBXFileReference; lastKnownFileType = sourcecode.swift; path = HabitsViewController.swift; sourceTree = "<group>"; };
		6DE74AF1290D338D0048F4F2 /* InfoViewController.swift */ = {isa = PBXFileReference; lastKnownFileType = sourcecode.swift; path = InfoViewController.swift; sourceTree = "<group>"; };
		6DE74AF3290D33C60048F4F2 /* HabitsStoreSwift.swift */ = {isa = PBXFileReference; lastKnownFileType = sourcecode.swift; path = HabitsStoreSwift.swift; sourceTree = "<group>"; };
/* End PBXFileReference section */

/* Begin PBXFrameworksBuildPhase section */
		6DE74AD5290D331E0048F4F2 /* Frameworks */ = {
			isa = PBXFrameworksBuildPhase;
			buildActionMask = 2147483647;
			files = (
			);
			runOnlyForDeploymentPostprocessing = 0;
		};
/* End PBXFrameworksBuildPhase section */

/* Begin PBXGroup section */
		6D700049292A8B11003DFBBF /* Screens */ = {
			isa = PBXGroup;
			children = (
				6DE74AF1290D338D0048F4F2 /* InfoViewController.swift */,
				6D3D85C2290FF9F50040B013 /* HabitViewController.swift */,
				6DE74AEF290D33660048F4F2 /* HabitsViewController.swift */,
				6D3D85C62912D61F0040B013 /* HabitDetailsViewController.swift */,
			);
			path = Screens;
			sourceTree = "<group>";
		};
		6D70004A292A8B3B003DFBBF /* Collections */ = {
			isa = PBXGroup;
			children = (
				6D3D85C42912B8BE0040B013 /* HabitsCollectionViewCell.swift */,
				6D70004429219270003DFBBF /* ProgressCollectionViewCell.swift */,
			);
			path = Collections;
			sourceTree = "<group>";
		};
		6D70004B292A8B58003DFBBF /* Table */ = {
			isa = PBXGroup;
			children = (
				6D70004629229EB4003DFBBF /* HabitDetailsTableViewCell.swift */,
			);
			path = Table;
			sourceTree = "<group>";
		};
		6DE74ACF290D331E0048F4F2 = {
			isa = PBXGroup;
			children = (
				6D70004B292A8B58003DFBBF /* Table */,
				6D70004A292A8B3B003DFBBF /* Collections */,
				6D700049292A8B11003DFBBF /* Screens */,
				6DE74ADA290D331E0048F4F2 /* MyHabits */,
				6DE74AD9290D331E0048F4F2 /* Products */,
			);
			sourceTree = "<group>";
		};
		6DE74AD9290D331E0048F4F2 /* Products */ = {
			isa = PBXGroup;
			children = (
				6DE74AD8290D331E0048F4F2 /* MyHabits.app */,
			);
			name = Products;
			sourceTree = "<group>";
		};
		6DE74ADA290D331E0048F4F2 /* MyHabits */ = {
			isa = PBXGroup;
			children = (
				6DE74ADB290D331E0048F4F2 /* AppDelegate.swift */,
				6DE74ADD290D331E0048F4F2 /* SceneDelegate.swift */,
				6DE74AF3290D33C60048F4F2 /* HabitsStoreSwift.swift */,
				6D6A85402ACAC98700EC479D /* Notifications.swift */,
				6D700134294A6D64003DFBBF /* Launch Screen.storyboard */,
				6DE74AE4290D331F0048F4F2 /* Assets.xcassets */,
				6DE74AE9290D331F0048F4F2 /* Info.plist */,
			);
			path = MyHabits;
			sourceTree = "<group>";
		};
/* End PBXGroup section */

/* Begin PBXNativeTarget section */
		6DE74AD7290D331E0048F4F2 /* MyHabits */ = {
			isa = PBXNativeTarget;
			buildConfigurationList = 6DE74AEC290D331F0048F4F2 /* Build configuration list for PBXNativeTarget "MyHabits" */;
			buildPhases = (
				6DE74AD4290D331E0048F4F2 /* Sources */,
				6DE74AD5290D331E0048F4F2 /* Frameworks */,
				6DE74AD6290D331E0048F4F2 /* Resources */,
				6D70006429390A02003DFBBF /* Embed Foundation Extensions */,
			);
			buildRules = (
			);
			dependencies = (
			);
			name = MyHabits;
			productName = MyHabits;
			productReference = 6DE74AD8290D331E0048F4F2 /* MyHabits.app */;
			productType = "com.apple.product-type.application";
		};
/* End PBXNativeTarget section */

/* Begin PBXProject section */
		6DE74AD0290D331E0048F4F2 /* Project object */ = {
			isa = PBXProject;
			attributes = {
				BuildIndependentTargetsInParallel = 1;
				LastSwiftUpdateCheck = 1410;
				LastUpgradeCheck = 1400;
				TargetAttributes = {
					6DE74AD7290D331E0048F4F2 = {
						CreatedOnToolsVersion = 14.0.1;
					};
				};
			};
			buildConfigurationList = 6DE74AD3290D331E0048F4F2 /* Build configuration list for PBXProject "MyHabits" */;
			compatibilityVersion = "Xcode 14.0";
			developmentRegion = en;
			hasScannedForEncodings = 0;
			knownRegions = (
				en,
				Base,
			);
			mainGroup = 6DE74ACF290D331E0048F4F2;
			productRefGroup = 6DE74AD9290D331E0048F4F2 /* Products */;
			projectDirPath = "";
			projectRoot = "";
			targets = (
				6DE74AD7290D331E0048F4F2 /* MyHabits */,
			);
		};
/* End PBXProject section */

/* Begin PBXResourcesBuildPhase section */
		6DE74AD6290D331E0048F4F2 /* Resources */ = {
			isa = PBXResourcesBuildPhase;
			buildActionMask = 2147483647;
			files = (
				6D700132294A6D64003DFBBF /* Launch Screen.storyboard in Resources */,
				6DE74AE5290D331F0048F4F2 /* Assets.xcassets in Resources */,
			);
			runOnlyForDeploymentPostprocessing = 0;
		};
/* End PBXResourcesBuildPhase section */

/* Begin PBXSourcesBuildPhase section */
		6DE74AD4290D331E0048F4F2 /* Sources */ = {
			isa = PBXSourcesBuildPhase;
			buildActionMask = 2147483647;
			files = (
				6DE74ADC290D331E0048F4F2 /* AppDelegate.swift in Sources */,
				6D3D85C52912B8BE0040B013 /* HabitsCollectionViewCell.swift in Sources */,
				6D6A85412ACAC98700EC479D /* Notifications.swift in Sources */,
				6D3D85C3290FF9F50040B013 /* HabitViewController.swift in Sources */,
				6D70004729229EB4003DFBBF /* HabitDetailsTableViewCell.swift in Sources */,
				6D3D85C72912D61F0040B013 /* HabitDetailsViewController.swift in Sources */,
				6DE74AF4290D33C60048F4F2 /* HabitsStoreSwift.swift in Sources */,
				6D70004529219270003DFBBF /* ProgressCollectionViewCell.swift in Sources */,
				6DE74AF0290D33660048F4F2 /* HabitsViewController.swift in Sources */,
				6DE74AF2290D338D0048F4F2 /* InfoViewController.swift in Sources */,
				6DE74ADE290D331E0048F4F2 /* SceneDelegate.swift in Sources */,
			);
			runOnlyForDeploymentPostprocessing = 0;
		};
/* End PBXSourcesBuildPhase section */

/* Begin PBXVariantGroup section */
		6D700134294A6D64003DFBBF /* Launch Screen.storyboard */ = {
			isa = PBXVariantGroup;
			children = (
				6D700133294A6D64003DFBBF /* Base */,
			);
			name = "Launch Screen.storyboard";
			sourceTree = "<group>";
		};
/* End PBXVariantGroup section */

/* Begin XCBuildConfiguration section */
		6DE74AEA290D331F0048F4F2 /* Debug */ = {
			isa = XCBuildConfiguration;
			buildSettings = {
				ALWAYS_SEARCH_USER_PATHS = NO;
				CLANG_ANALYZER_NONNULL = YES;
				CLANG_ANALYZER_NUMBER_OBJECT_CONVERSION = YES_AGGRESSIVE;
				CLANG_CXX_LANGUAGE_STANDARD = "gnu++20";
				CLANG_ENABLE_MODULES = YES;
				CLANG_ENABLE_OBJC_ARC = YES;
				CLANG_ENABLE_OBJC_WEAK = YES;
				CLANG_WARN_BLOCK_CAPTURE_AUTORELEASING = YES;
				CLANG_WARN_BOOL_CONVERSION = YES;
				CLANG_WARN_COMMA = YES;
				CLANG_WARN_CONSTANT_CONVERSION = YES;
				CLANG_WARN_DEPRECATED_OBJC_IMPLEMENTATIONS = YES;
				CLANG_WARN_DIRECT_OBJC_ISA_USAGE = YES_ERROR;
				CLANG_WARN_DOCUMENTATION_COMMENTS = YES;
				CLANG_WARN_EMPTY_BODY = YES;
				CLANG_WARN_ENUM_CONVERSION = YES;
				CLANG_WARN_INFINITE_RECURSION = YES;
				CLANG_WARN_INT_CONVERSION = YES;
				CLANG_WARN_NON_LITERAL_NULL_CONVERSION = YES;
				CLANG_WARN_OBJC_IMPLICIT_RETAIN_SELF = YES;
				CLANG_WARN_OBJC_LITERAL_CONVERSION = YES;
				CLANG_WARN_OBJC_ROOT_CLASS = YES_ERROR;
				CLANG_WARN_QUOTED_INCLUDE_IN_FRAMEWORK_HEADER = YES;
				CLANG_WARN_RANGE_LOOP_ANALYSIS = YES;
				CLANG_WARN_STRICT_PROTOTYPES = YES;
				CLANG_WARN_SUSPICIOUS_MOVE = YES;
				CLANG_WARN_UNGUARDED_AVAILABILITY = YES_AGGRESSIVE;
				CLANG_WARN_UNREACHABLE_CODE = YES;
				CLANG_WARN__DUPLICATE_METHOD_MATCH = YES;
				COPY_PHASE_STRIP = NO;
				DEBUG_INFORMATION_FORMAT = dwarf;
				ENABLE_STRICT_OBJC_MSGSEND = YES;
				ENABLE_TESTABILITY = YES;
				GCC_C_LANGUAGE_STANDARD = gnu11;
				GCC_DYNAMIC_NO_PIC = NO;
				GCC_NO_COMMON_BLOCKS = YES;
				GCC_OPTIMIZATION_LEVEL = 0;
				GCC_PREPROCESSOR_DEFINITIONS = (
					"DEBUG=1",
					"$(inherited)",
				);
				GCC_WARN_64_TO_32_BIT_CONVERSION = YES;
				GCC_WARN_ABOUT_RETURN_TYPE = YES_ERROR;
				GCC_WARN_UNDECLARED_SELECTOR = YES;
				GCC_WARN_UNINITIALIZED_AUTOS = YES_AGGRESSIVE;
				GCC_WARN_UNUSED_FUNCTION = YES;
				GCC_WARN_UNUSED_VARIABLE = YES;
				IPHONEOS_DEPLOYMENT_TARGET = 14.0;
				MTL_ENABLE_DEBUG_INFO = INCLUDE_SOURCE;
				MTL_FAST_MATH = YES;
				ONLY_ACTIVE_ARCH = YES;
				SDKROOT = iphoneos;
				SWIFT_ACTIVE_COMPILATION_CONDITIONS = DEBUG;
				SWIFT_OPTIMIZATION_LEVEL = "-Onone";
			};
			name = Debug;
		};
		6DE74AEB290D331F0048F4F2 /* Release */ = {
			isa = XCBuildConfiguration;
			buildSettings = {
				ALWAYS_SEARCH_USER_PATHS = NO;
				CLANG_ANALYZER_NONNULL = YES;
				CLANG_ANALYZER_NUMBER_OBJECT_CONVERSION = YES_AGGRESSIVE;
				CLANG_CXX_LANGUAGE_STANDARD = "gnu++20";
				CLANG_ENABLE_MODULES = YES;
				CLANG_ENABLE_OBJC_ARC = YES;
				CLANG_ENABLE_OBJC_WEAK = YES;
				CLANG_WARN_BLOCK_CAPTURE_AUTORELEASING = YES;
				CLANG_WARN_BOOL_CONVERSION = YES;
				CLANG_WARN_COMMA = YES;
				CLANG_WARN_CONSTANT_CONVERSION = YES;
				CLANG_WARN_DEPRECATED_OBJC_IMPLEMENTATIONS = YES;
				CLANG_WARN_DIRECT_OBJC_ISA_USAGE = YES_ERROR;
				CLANG_WARN_DOCUMENTATION_COMMENTS = YES;
				CLANG_WARN_EMPTY_BODY = YES;
				CLANG_WARN_ENUM_CONVERSION = YES;
				CLANG_WARN_INFINITE_RECURSION = YES;
				CLANG_WARN_INT_CONVERSION = YES;
				CLANG_WARN_NON_LITERAL_NULL_CONVERSION = YES;
				CLANG_WARN_OBJC_IMPLICIT_RETAIN_SELF = YES;
				CLANG_WARN_OBJC_LITERAL_CONVERSION = YES;
				CLANG_WARN_OBJC_ROOT_CLASS = YES_ERROR;
				CLANG_WARN_QUOTED_INCLUDE_IN_FRAMEWORK_HEADER = YES;
				CLANG_WARN_RANGE_LOOP_ANALYSIS = YES;
				CLANG_WARN_STRICT_PROTOTYPES = YES;
				CLANG_WARN_SUSPICIOUS_MOVE = YES;
				CLANG_WARN_UNGUARDED_AVAILABILITY = YES_AGGRESSIVE;
				CLANG_WARN_UNREACHABLE_CODE = YES;
				CLANG_WARN__DUPLICATE_METHOD_MATCH = YES;
				COPY_PHASE_STRIP = NO;
				DEBUG_INFORMATION_FORMAT = "dwarf-with-dsym";
				ENABLE_NS_ASSERTIONS = NO;
				ENABLE_STRICT_OBJC_MSGSEND = YES;
				GCC_C_LANGUAGE_STANDARD = gnu11;
				GCC_NO_COMMON_BLOCKS = YES;
				GCC_WARN_64_TO_32_BIT_CONVERSION = YES;
				GCC_WARN_ABOUT_RETURN_TYPE = YES_ERROR;
				GCC_WARN_UNDECLARED_SELECTOR = YES;
				GCC_WARN_UNINITIALIZED_AUTOS = YES_AGGRESSIVE;
				GCC_WARN_UNUSED_FUNCTION = YES;
				GCC_WARN_UNUSED_VARIABLE = YES;
				IPHONEOS_DEPLOYMENT_TARGET = 14.0;
				MTL_ENABLE_DEBUG_INFO = NO;
				MTL_FAST_MATH = YES;
				SDKROOT = iphoneos;
				SWIFT_COMPILATION_MODE = wholemodule;
				SWIFT_OPTIMIZATION_LEVEL = "-O";
				VALIDATE_PRODUCT = YES;
			};
			name = Release;
		};
		6DE74AED290D331F0048F4F2 /* Debug */ = {
			isa = XCBuildConfiguration;
			buildSettings = {
				ALWAYS_EMBED_SWIFT_STANDARD_LIBRARIES = YES;
				ASSETCATALOG_COMPILER_APPICON_NAME = AppIcon;
				ASSETCATALOG_COMPILER_INCLUDE_ALL_APPICON_ASSETS = YES;
				CODE_SIGN_ENTITLEMENTS = "";
				CODE_SIGN_STYLE = Automatic;
				CURRENT_PROJECT_VERSION = 1;
				DEVELOPMENT_TEAM = 92RNZ7CX2N;
				GENERATE_INFOPLIST_FILE = YES;
				INFOPLIST_FILE = MyHabits/Info.plist;
				INFOPLIST_KEY_CFBundleDisplayName = MyHabits;
				INFOPLIST_KEY_UIApplicationSupportsIndirectInputEvents = YES;
				INFOPLIST_KEY_UILaunchStoryboardName = "Launch Screen.storyboard";
				INFOPLIST_KEY_UIRequiresFullScreen = NO;
				INFOPLIST_KEY_UIStatusBarStyle = "";
				INFOPLIST_KEY_UISupportedInterfaceOrientations = UIInterfaceOrientationPortrait;
				IPHONEOS_DEPLOYMENT_TARGET = 14.0;
				MARKETING_VERSION = 1.0;
				PRODUCT_BUNDLE_IDENTIFIER = Elya.MyHabits;
				PRODUCT_NAME = "$(TARGET_NAME)";
				SWIFT_EMIT_LOC_STRINGS = YES;
				SWIFT_VERSION = 5.0;
				TARGETED_DEVICE_FAMILY = "1,2";
			};
			name = Debug;
		};
		6DE74AEE290D331F0048F4F2 /* Release */ = {
			isa = XCBuildConfiguration;
			buildSettings = {
				ALWAYS_EMBED_SWIFT_STANDARD_LIBRARIES = YES;
				ASSETCATALOG_COMPILER_APPICON_NAME = AppIcon;
				ASSETCATALOG_COMPILER_INCLUDE_ALL_APPICON_ASSETS = YES;
				CODE_SIGN_ENTITLEMENTS = "";
				CODE_SIGN_STYLE = Automatic;
				CURRENT_PROJECT_VERSION = 1;
				DEVELOPMENT_TEAM = 92RNZ7CX2N;
				GENERATE_INFOPLIST_FILE = YES;
				INFOPLIST_FILE = MyHabits/Info.plist;
				INFOPLIST_KEY_CFBundleDisplayName = MyHabits;
				INFOPLIST_KEY_UIApplicationSupportsIndirectInputEvents = YES;
				INFOPLIST_KEY_UILaunchStoryboardName = "Launch Screen.storyboard";
				INFOPLIST_KEY_UIRequiresFullScreen = NO;
				INFOPLIST_KEY_UIStatusBarStyle = "";
				INFOPLIST_KEY_UISupportedInterfaceOrientations = UIInterfaceOrientationPortrait;
				IPHONEOS_DEPLOYMENT_TARGET = 14.0;
				MARKETING_VERSION = 1.0;
				PRODUCT_BUNDLE_IDENTIFIER = Elya.MyHabits;
				PRODUCT_NAME = "$(TARGET_NAME)";
				SWIFT_EMIT_LOC_STRINGS = YES;
				SWIFT_VERSION = 5.0;
				TARGETED_DEVICE_FAMILY = "1,2";
			};
			name = Release;
		};
/* End XCBuildConfiguration section */

/* Begin XCConfigurationList section */
		6DE74AD3290D331E0048F4F2 /* Build configuration list for PBXProject "MyHabits" */ = {
			isa = XCConfigurationList;
			buildConfigurations = (
				6DE74AEA290D331F0048F4F2 /* Debug */,
				6DE74AEB290D331F0048F4F2 /* Release */,
			);
			defaultConfigurationIsVisible = 0;
			defaultConfigurationName = Release;
		};
		6DE74AEC290D331F0048F4F2 /* Build configuration list for PBXNativeTarget "MyHabits" */ = {
			isa = XCConfigurationList;
			buildConfigurations = (
				6DE74AED290D331F0048F4F2 /* Debug */,
				6DE74AEE290D331F0048F4F2 /* Release */,
			);
			defaultConfigurationIsVisible = 0;
			defaultConfigurationName = Release;
		};
/* End XCConfigurationList section */
	};
	rootObject = 6DE74AD0290D331E0048F4F2 /* Project object */;
}
